
Microsoft Visual Studio Solution File, Format Version 12.00
# Visual Studio Version 17
VisualStudioVersion = 17.7.34221.43
MinimumVisualStudioVersion = 10.0.40219.1
Project("{FAE04EC0-301F-11D3-BF4B-00C04F79EFBC}") = "G03_3S", "G03_3S\G03_3S.csproj", "{F2DADAED-BE0A-497D-8CA5-C96A53220EB2}"
EndProject
Global
	GlobalSection(SolutionConfigurationPlatforms) = preSolution
		Debug|Any CPU = Debug|Any CPU
		Release|Any CPU = Release|Any CPU
	EndGlobalSection
	GlobalSection(ProjectConfigurationPlatforms) = postSolution
		{F2DADAED-BE0A-497D-8CA5-C96A53220EB2}.Debug|Any CPU.ActiveCfg = Debug|Any CPU
		{F2DADAED-BE0A-497D-8CA5-C96A53220EB2}.Debug|Any CPU.Build.0 = Debug|Any CPU
		{F2DADAED-BE0A-497D-8CA5-C96A53220EB2}.Release|Any CPU.ActiveCfg = Release|Any CPU
		{F2DADAED-BE0A-497D-8CA5-C96A53220EB2}.Release|Any CPU.Build.0 = Release|Any CPU
	EndGlobalSection
	GlobalSection(SolutionProperties) = preSolution
		HideSolutionNode = FALSE
	EndGlobalSection
	GlobalSection(ExtensibilityGlobals) = postSolution
		SolutionGuid = {050C5B19-178C-4812-833C-24C04A4C48C5}
	EndGlobalSection
EndGlobal
